
Microsoft Visual Studio Solution File, Format Version 12.00
# Visual Studio Version 16
VisualStudioVersion = 16.0.31729.503
MinimumVisualStudioVersion = 10.0.40219.1
Project("{FAE04EC0-301F-11D3-BF4B-00C04F79EFBC}") = "MVC_Stud", "MVC_Stud\MVC_Stud.csproj", "{1C083777-A627-4FDF-AA2B-A2F96A3120E2}"
EndProject
Global
	GlobalSection(SolutionConfigurationPlatforms) = preSolution
		Debug|Any CPU = Debug|Any CPU
		Release|Any CPU = Release|Any CPU
	EndGlobalSection
	GlobalSection(ProjectConfigurationPlatforms) = postSolution
		{1C083777-A627-4FDF-AA2B-A2F96A3120E2}.Debug|Any CPU.ActiveCfg = Debug|Any CPU
		{1C083777-A627-4FDF-AA2B-A2F96A3120E2}.Debug|Any CPU.Build.0 = Debug|Any CPU
		{1C083777-A627-4FDF-AA2B-A2F96A3120E2}.Release|Any CPU.ActiveCfg = Release|Any CPU
		{1C083777-A627-4FDF-AA2B-A2F96A3120E2}.Release|Any CPU.Build.0 = Release|Any CPU
	EndGlobalSection
	GlobalSection(SolutionProperties) = preSolution
		HideSolutionNode = FALSE
	EndGlobalSection
	GlobalSection(ExtensibilityGlobals) = postSolution
		SolutionGuid = {86C45105-4B69-401C-9B48-C68B97E67FB2}
	EndGlobalSection
EndGlobal
